
Microsoft Visual Studio Solution File, Format Version 12.00
# Visual Studio 15
VisualStudioVersion = 15.0.26730.16
MinimumVisualStudioVersion = 10.0.40219.1
Project("{FAE04EC0-301F-11D3-BF4B-00C04F79EFBC}") = "PydgnBot", "PydgnBot\PydgnBot.csproj", "{E0F1E03C-45CE-49BB-92C1-17D11D88B598}"
EndProject
Global
	GlobalSection(SolutionConfigurationPlatforms) = preSolution
		Debug|Any CPU = Debug|Any CPU
		Release|Any CPU = Release|Any CPU
	EndGlobalSection
	GlobalSection(ProjectConfigurationPlatforms) = postSolution
		{E0F1E03C-45CE-49BB-92C1-17D11D88B598}.Debug|Any CPU.ActiveCfg = Debug|Any CPU
		{E0F1E03C-45CE-49BB-92C1-17D11D88B598}.Debug|Any CPU.Build.0 = Debug|Any CPU
		{E0F1E03C-45CE-49BB-92C1-17D11D88B598}.Release|Any CPU.ActiveCfg = Release|Any CPU
		{E0F1E03C-45CE-49BB-92C1-17D11D88B598}.Release|Any CPU.Build.0 = Release|Any CPU
	EndGlobalSection
	GlobalSection(SolutionProperties) = preSolution
		HideSolutionNode = FALSE
	EndGlobalSection
	GlobalSection(ExtensibilityGlobals) = postSolution
		SolutionGuid = {BFD190A8-C968-4388-8A0B-F768898E2F87}
	EndGlobalSection
EndGlobal
